Microsoft Visual Studio Solution File, Format Version 12.00
# Visual Studio Version 17
VisualStudioVersion = 17.5.2.0
MinimumVisualStudioVersion = 10.0.40219.1
Project("{2150E333-8FDC-42A3-9474-1A3956D46DE8}") = "ScreenSaver", "ScreenSaver", "{A0B19468-30FB-1309-DBB7-F2CC6903ECE4}"
EndProject
Project("{FAE04EC0-301F-11D3-BF4B-00C04F79EFBC}") = "ScreenSaver", "ScreenSaver\ScreenSaver\ScreenSaver.csproj", "{EF6E1863-E2A1-B84D-0752-65E416559767}"
EndProject
Global
	GlobalSection(SolutionConfigurationPlatforms) = preSolution
		Debug|Any CPU = Debug|Any CPU
		Release|Any CPU = Release|Any CPU
	EndGlobalSection
	GlobalSection(ProjectConfigurationPlatforms) = postSolution
		{EF6E1863-E2A1-B84D-0752-65E416559767}.Debug|Any CPU.ActiveCfg = Debug|Any CPU
		{EF6E1863-E2A1-B84D-0752-65E416559767}.Debug|Any CPU.Build.0 = Debug|Any CPU
		{EF6E1863-E2A1-B84D-0752-65E416559767}.Release|Any CPU.ActiveCfg = Release|Any CPU
		{EF6E1863-E2A1-B84D-0752-65E416559767}.Release|Any CPU.Build.0 = Release|Any CPU
	EndGlobalSection
	GlobalSection(SolutionProperties) = preSolution
		HideSolutionNode = FALSE
	EndGlobalSection
	GlobalSection(NestedProjects) = preSolution
		{EF6E1863-E2A1-B84D-0752-65E416559767} = {A0B19468-30FB-1309-DBB7-F2CC6903ECE4}
	EndGlobalSection
	GlobalSection(ExtensibilityGlobals) = postSolution
		SolutionGuid = {2CBB05B4-14A9-4A16-B649-74DF2290CF19}
	EndGlobalSection
EndGlobal
